
Microsoft Visual Studio Solution File, Format Version 12.00
# Visual Studio Version 16
VisualStudioVersion = 16.0.31410.357
MinimumVisualStudioVersion = 10.0.40219.1
Project("{FAE04EC0-301F-11D3-BF4B-00C04F79EFBC}") = "Snake", "Snake\Snake.csproj", "{93A3C1F3-74E8-463F-B716-9A63ED3590C5}"
EndProject
Global
	GlobalSection(SolutionConfigurationPlatforms) = preSolution
		Debug|Any CPU = Debug|Any CPU
		Release|Any CPU = Release|Any CPU
	EndGlobalSection
	GlobalSection(ProjectConfigurationPlatforms) = postSolution
		{93A3C1F3-74E8-463F-B716-9A63ED3590C5}.Debug|Any CPU.ActiveCfg = Debug|Any CPU
		{93A3C1F3-74E8-463F-B716-9A63ED3590C5}.Debug|Any CPU.Build.0 = Debug|Any CPU
		{93A3C1F3-74E8-463F-B716-9A63ED3590C5}.Release|Any CPU.ActiveCfg = Release|Any CPU
		{93A3C1F3-74E8-463F-B716-9A63ED3590C5}.Release|Any CPU.Build.0 = Release|Any CPU
	EndGlobalSection
	GlobalSection(SolutionProperties) = preSolution
		HideSolutionNode = FALSE
	EndGlobalSection
	GlobalSection(ExtensibilityGlobals) = postSolution
		SolutionGuid = {6B1AA38C-2D78-4C6B-881E-886B0E13D88A}
	EndGlobalSection
EndGlobal
